
Microsoft Visual Studio Solution File, Format Version 12.00
# Visual Studio Version 17
VisualStudioVersion = 17.10.35122.118
MinimumVisualStudioVersion = 10.0.40219.1
Project("{FAE04EC0-301F-11D3-BF4B-00C04F79EFBC}") = "SaleManagement", "SaleManagement.csproj", "{FE31E593-5D44-4ADE-8AF4-143E2BBF304F}"
EndProject
Global
	GlobalSection(SolutionConfigurationPlatforms) = preSolution
		Debug|Any CPU = Debug|Any CPU
		Release|Any CPU = Release|Any CPU
	EndGlobalSection
	GlobalSection(ProjectConfigurationPlatforms) = postSolution
		{FE31E593-5D44-4ADE-8AF4-143E2BBF304F}.Debug|Any CPU.ActiveCfg = Debug|Any CPU
		{FE31E593-5D44-4ADE-8AF4-143E2BBF304F}.Debug|Any CPU.Build.0 = Debug|Any CPU
		{FE31E593-5D44-4ADE-8AF4-143E2BBF304F}.Release|Any CPU.ActiveCfg = Release|Any CPU
		{FE31E593-5D44-4ADE-8AF4-143E2BBF304F}.Release|Any CPU.Build.0 = Release|Any CPU
	EndGlobalSection
	GlobalSection(SolutionProperties) = preSolution
		HideSolutionNode = FALSE
	EndGlobalSection
	GlobalSection(ExtensibilityGlobals) = postSolution
		SolutionGuid = {A5051785-6959-4237-8033-0A731A80F8C6}
	EndGlobalSection
EndGlobal
